
Microsoft Visual Studio Solution File, Format Version 12.00
# Visual Studio Version 16
VisualStudioVersion = 16.0.31005.135
MinimumVisualStudioVersion = 10.0.40219.1
Project("{FAE04EC0-301F-11D3-BF4B-00C04F79EFBC}") = "Kartal", "Kartal.csproj", "{C73BF4DE-7A71-4BC6-9A00-3F6985122124}"
EndProject
Global
	GlobalSection(SolutionConfigurationPlatforms) = preSolution
		Debug|Any CPU = Debug|Any CPU
		Debug|x64 = Debug|x64
		Release|Any CPU = Release|Any CPU
		Release|x64 = Release|x64
	EndGlobalSection
	GlobalSection(ProjectConfigurationPlatforms) = postSolution
		{C73BF4DE-7A71-4BC6-9A00-3F6985122124}.Debug|Any CPU.ActiveCfg = Debug|Any CPU
		{C73BF4DE-7A71-4BC6-9A00-3F6985122124}.Debug|Any CPU.Build.0 = Debug|Any CPU
		{C73BF4DE-7A71-4BC6-9A00-3F6985122124}.Debug|x64.ActiveCfg = Debug|x64
		{C73BF4DE-7A71-4BC6-9A00-3F6985122124}.Debug|x64.Build.0 = Debug|x64
		{C73BF4DE-7A71-4BC6-9A00-3F6985122124}.Release|Any CPU.ActiveCfg = Release|Any CPU
		{C73BF4DE-7A71-4BC6-9A00-3F6985122124}.Release|Any CPU.Build.0 = Release|Any CPU
		{C73BF4DE-7A71-4BC6-9A00-3F6985122124}.Release|x64.ActiveCfg = Release|x64
		{C73BF4DE-7A71-4BC6-9A00-3F6985122124}.Release|x64.Build.0 = Release|x64
	EndGlobalSection
	GlobalSection(SolutionProperties) = preSolution
		HideSolutionNode = FALSE
	EndGlobalSection
	GlobalSection(ExtensibilityGlobals) = postSolution
		SolutionGuid = {132DE5B0-2B22-445A-B48B-6037BF588BCD}
	EndGlobalSection
EndGlobal
